
Microsoft Visual Studio Solution File, Format Version 12.00
# Visual Studio Version 17
VisualStudioVersion = 17.6.33829.357
MinimumVisualStudioVersion = 10.0.40219.1
Project("{9A19103F-16F7-4668-BE54-9A1E7A4F7556}") = "AU2023DynamoToolkit", "AU2023DynamoToolkit\AU2023DynamoToolkit.csproj", "{2096A9C8-77FE-4D9F-A9EE-04E6DDB6EA42}"
EndProject
Project("{9A19103F-16F7-4668-BE54-9A1E7A4F7556}") = "AU2023DynamoToolkitExtension", "AU2023DynamoToolkitExtension\AU2023DynamoToolkitExtension.csproj", "{504CEB5D-F93A-4EAE-B416-96FEAE4FB8EB}"
EndProject
Project("{9A19103F-16F7-4668-BE54-9A1E7A4F7556}") = "AU2023DynamoToolkitUI", "AU2023DynamoToolkitUI\AU2023DynamoToolkitUI.csproj", "{C95D53E6-3EBC-4674-80BB-FD0406D76644}"
EndProject
Project("{9A19103F-16F7-4668-BE54-9A1E7A4F7556}") = "AU2023DynamoToolkitToolbar", "AU2023DynamoToolkitToolbar\AU2023DynamoToolkitToolbar.csproj", "{6CE52CE8-F6FD-48F1-9601-C973351C1207}"
EndProject
Project("{9A19103F-16F7-4668-BE54-9A1E7A4F7556}") = "AU2023DynamoToolkitFunctions", "AU2023DynamoToolkitFunctions\AU2023DynamoToolkitFunctions.csproj", "{67EACBCA-7E02-4CCE-B6B7-5A54F2EE354B}"
EndProject
Project("{9A19103F-16F7-4668-BE54-9A1E7A4F7556}") = "AU2023DynamoToolkitBuild", "AU2023DynamoToolkitBuild\AU2023DynamoToolkitBuild.csproj", "{4CBD8A97-A5AF-4CD9-A2A1-1145DA7B855D}"
EndProject
Global
	GlobalSection(SolutionConfigurationPlatforms) = preSolution
		Debug Core|Any CPU = Debug Core|Any CPU
		Debug Nuke|Any CPU = Debug Nuke|Any CPU
		Debug R21|Any CPU = Debug R21|Any CPU
		Debug R22|Any CPU = Debug R22|Any CPU
		Debug R23.1|Any CPU = Debug R23.1|Any CPU
		Debug R23|Any CPU = Debug R23|Any CPU
		Debug R24|Any CPU = Debug R24|Any CPU
		Debug|Any CPU = Debug|Any CPU
		Installer|Any CPU = Installer|Any CPU
		Release Core|Any CPU = Release Core|Any CPU
		Release Nuke|Any CPU = Release Nuke|Any CPU
		Release R21|Any CPU = Release R21|Any CPU
		Release R22|Any CPU = Release R22|Any CPU
		Release R23.1|Any CPU = Release R23.1|Any CPU
		Release R23|Any CPU = Release R23|Any CPU
		Release R24|Any CPU = Release R24|Any CPU
		Release|Any CPU = Release|Any CPU
	EndGlobalSection
	GlobalSection(ProjectConfigurationPlatforms) = postSolution
		{2096A9C8-77FE-4D9F-A9EE-04E6DDB6EA42}.Debug Core|Any CPU.ActiveCfg = Debug Core|Any CPU
		{2096A9C8-77FE-4D9F-A9EE-04E6DDB6EA42}.Debug Core|Any CPU.Build.0 = Debug Core|Any CPU
		{2096A9C8-77FE-4D9F-A9EE-04E6DDB6EA42}.Debug Nuke|Any CPU.ActiveCfg = Debug Nuke|Any CPU
		{2096A9C8-77FE-4D9F-A9EE-04E6DDB6EA42}.Debug R21|Any CPU.ActiveCfg = Debug R21|Any CPU
		{2096A9C8-77FE-4D9F-A9EE-04E6DDB6EA42}.Debug R21|Any CPU.Build.0 = Debug R21|Any CPU
		{2096A9C8-77FE-4D9F-A9EE-04E6DDB6EA42}.Debug R22|Any CPU.ActiveCfg = Debug R22|Any CPU
		{2096A9C8-77FE-4D9F-A9EE-04E6DDB6EA42}.Debug R22|Any CPU.Build.0 = Debug R22|Any CPU
		{2096A9C8-77FE-4D9F-A9EE-04E6DDB6EA42}.Debug R23.1|Any CPU.ActiveCfg = Debug R23.1|Any CPU
		{2096A9C8-77FE-4D9F-A9EE-04E6DDB6EA42}.Debug R23.1|Any CPU.Build.0 = Debug R23.1|Any CPU
		{2096A9C8-77FE-4D9F-A9EE-04E6DDB6EA42}.Debug R23|Any CPU.ActiveCfg = Debug R23|Any CPU
		{2096A9C8-77FE-4D9F-A9EE-04E6DDB6EA42}.Debug R23|Any CPU.Build.0 = Debug R23|Any CPU
		{2096A9C8-77FE-4D9F-A9EE-04E6DDB6EA42}.Debug R24|Any CPU.ActiveCfg = Debug R24|Any CPU
		{2096A9C8-77FE-4D9F-A9EE-04E6DDB6EA42}.Debug R24|Any CPU.Build.0 = Debug R24|Any CPU
		{2096A9C8-77FE-4D9F-A9EE-04E6DDB6EA42}.Debug|Any CPU.ActiveCfg = Debug R24|Any CPU
		{2096A9C8-77FE-4D9F-A9EE-04E6DDB6EA42}.Debug|Any CPU.Build.0 = Debug R24|Any CPU
		{2096A9C8-77FE-4D9F-A9EE-04E6DDB6EA42}.Installer|Any CPU.ActiveCfg = Installer|Any CPU
		{2096A9C8-77FE-4D9F-A9EE-04E6DDB6EA42}.Installer|Any CPU.Build.0 = Installer|Any CPU
		{2096A9C8-77FE-4D9F-A9EE-04E6DDB6EA42}.Release Core|Any CPU.ActiveCfg = Release Core|Any CPU
		{2096A9C8-77FE-4D9F-A9EE-04E6DDB6EA42}.Release Core|Any CPU.Build.0 = Release Core|Any CPU
		{2096A9C8-77FE-4D9F-A9EE-04E6DDB6EA42}.Release Nuke|Any CPU.ActiveCfg = Release Nuke|Any CPU
		{2096A9C8-77FE-4D9F-A9EE-04E6DDB6EA42}.Release R21|Any CPU.ActiveCfg = Release R21|Any CPU
		{2096A9C8-77FE-4D9F-A9EE-04E6DDB6EA42}.Release R21|Any CPU.Build.0 = Release R21|Any CPU
		{2096A9C8-77FE-4D9F-A9EE-04E6DDB6EA42}.Release R22|Any CPU.ActiveCfg = Release R22|Any CPU
		{2096A9C8-77FE-4D9F-A9EE-04E6DDB6EA42}.Release R22|Any CPU.Build.0 = Release R22|Any CPU
		{2096A9C8-77FE-4D9F-A9EE-04E6DDB6EA42}.Release R23.1|Any CPU.ActiveCfg = Release R23.1|Any CPU
		{2096A9C8-77FE-4D9F-A9EE-04E6DDB6EA42}.Release R23.1|Any CPU.Build.0 = Release R23.1|Any CPU
		{2096A9C8-77FE-4D9F-A9EE-04E6DDB6EA42}.Release R23|Any CPU.ActiveCfg = Release R23|Any CPU
		{2096A9C8-77FE-4D9F-A9EE-04E6DDB6EA42}.Release R23|Any CPU.Build.0 = Release R23|Any CPU
		{2096A9C8-77FE-4D9F-A9EE-04E6DDB6EA42}.Release R24|Any CPU.ActiveCfg = Release R24|Any CPU
		{2096A9C8-77FE-4D9F-A9EE-04E6DDB6EA42}.Release R24|Any CPU.Build.0 = Release R24|Any CPU
		{2096A9C8-77FE-4D9F-A9EE-04E6DDB6EA42}.Release|Any CPU.ActiveCfg = Release R24|Any CPU
		{2096A9C8-77FE-4D9F-A9EE-04E6DDB6EA42}.Release|Any CPU.Build.0 = Release R24|Any CPU
		{504CEB5D-F93A-4EAE-B416-96FEAE4FB8EB}.Debug Core|Any CPU.ActiveCfg = Debug Core|Any CPU
		{504CEB5D-F93A-4EAE-B416-96FEAE4FB8EB}.Debug Core|Any CPU.Build.0 = Debug Core|Any CPU
		{504CEB5D-F93A-4EAE-B416-96FEAE4FB8EB}.Debug Nuke|Any CPU.ActiveCfg = Debug R23.1|Any CPU
		{504CEB5D-F93A-4EAE-B416-96FEAE4FB8EB}.Debug R21|Any CPU.ActiveCfg = Debug R21|Any CPU
		{504CEB5D-F93A-4EAE-B416-96FEAE4FB8EB}.Debug R21|Any CPU.Build.0 = Debug R21|Any CPU
		{504CEB5D-F93A-4EAE-B416-96FEAE4FB8EB}.Debug R22|Any CPU.ActiveCfg = Debug R22|Any CPU
		{504CEB5D-F93A-4EAE-B416-96FEAE4FB8EB}.Debug R22|Any CPU.Build.0 = Debug R22|Any CPU
		{504CEB5D-F93A-4EAE-B416-96FEAE4FB8EB}.Debug R23.1|Any CPU.ActiveCfg = Debug R23.1|Any CPU
		{504CEB5D-F93A-4EAE-B416-96FEAE4FB8EB}.Debug R23.1|Any CPU.Build.0 = Debug R23.1|Any CPU
		{504CEB5D-F93A-4EAE-B416-96FEAE4FB8EB}.Debug R23|Any CPU.ActiveCfg = Debug R23|Any CPU
		{504CEB5D-F93A-4EAE-B416-96FEAE4FB8EB}.Debug R23|Any CPU.Build.0 = Debug R23|Any CPU
		{504CEB5D-F93A-4EAE-B416-96FEAE4FB8EB}.Debug R24|Any CPU.ActiveCfg = Debug R24|Any CPU
		{504CEB5D-F93A-4EAE-B416-96FEAE4FB8EB}.Debug R24|Any CPU.Build.0 = Debug R24|Any CPU
		{504CEB5D-F93A-4EAE-B416-96FEAE4FB8EB}.Debug|Any CPU.ActiveCfg = Debug R24|Any CPU
		{504CEB5D-F93A-4EAE-B416-96FEAE4FB8EB}.Debug|Any CPU.Build.0 = Debug R24|Any CPU
		{504CEB5D-F93A-4EAE-B416-96FEAE4FB8EB}.Installer|Any CPU.ActiveCfg = Debug R21|Any CPU
		{504CEB5D-F93A-4EAE-B416-96FEAE4FB8EB}.Release Core|Any CPU.ActiveCfg = Release Core|Any CPU
		{504CEB5D-F93A-4EAE-B416-96FEAE4FB8EB}.Release Core|Any CPU.Build.0 = Release Core|Any CPU
		{504CEB5D-F93A-4EAE-B416-96FEAE4FB8EB}.Release Nuke|Any CPU.ActiveCfg = Release Nuke|Any CPU
		{504CEB5D-F93A-4EAE-B416-96FEAE4FB8EB}.Release R21|Any CPU.ActiveCfg = Release R21|Any CPU
		{504CEB5D-F93A-4EAE-B416-96FEAE4FB8EB}.Release R22|Any CPU.ActiveCfg = Release R22|Any CPU
		{504CEB5D-F93A-4EAE-B416-96FEAE4FB8EB}.Release R22|Any CPU.Build.0 = Release R22|Any CPU
		{504CEB5D-F93A-4EAE-B416-96FEAE4FB8EB}.Release R23.1|Any CPU.ActiveCfg = Release R23.1|Any CPU
		{504CEB5D-F93A-4EAE-B416-96FEAE4FB8EB}.Release R23.1|Any CPU.Build.0 = Release R23.1|Any CPU
		{504CEB5D-F93A-4EAE-B416-96FEAE4FB8EB}.Release R23|Any CPU.ActiveCfg = Release R23|Any CPU
		{504CEB5D-F93A-4EAE-B416-96FEAE4FB8EB}.Release R23|Any CPU.Build.0 = Release R23|Any CPU
		{504CEB5D-F93A-4EAE-B416-96FEAE4FB8EB}.Release R24|Any CPU.ActiveCfg = Release R24|Any CPU
		{504CEB5D-F93A-4EAE-B416-96FEAE4FB8EB}.Release R24|Any CPU.Build.0 = Release R24|Any CPU
		{504CEB5D-F93A-4EAE-B416-96FEAE4FB8EB}.Release|Any CPU.ActiveCfg = Release Core|Any CPU
		{504CEB5D-F93A-4EAE-B416-96FEAE4FB8EB}.Release|Any CPU.Build.0 = Release Core|Any CPU
		{C95D53E6-3EBC-4674-80BB-FD0406D76644}.Debug Core|Any CPU.ActiveCfg = Debug Core|Any CPU
		{C95D53E6-3EBC-4674-80BB-FD0406D76644}.Debug Core|Any CPU.Build.0 = Debug Core|Any CPU
		{C95D53E6-3EBC-4674-80BB-FD0406D76644}.Debug Nuke|Any CPU.ActiveCfg = Debug R23.1|Any CPU
		{C95D53E6-3EBC-4674-80BB-FD0406D76644}.Debug R21|Any CPU.ActiveCfg = Debug R21|Any CPU
		{C95D53E6-3EBC-4674-80BB-FD0406D76644}.Debug R21|Any CPU.Build.0 = Debug R21|Any CPU
		{C95D53E6-3EBC-4674-80BB-FD0406D76644}.Debug R22|Any CPU.ActiveCfg = Debug R22|Any CPU
		{C95D53E6-3EBC-4674-80BB-FD0406D76644}.Debug R22|Any CPU.Build.0 = Debug R22|Any CPU
		{C95D53E6-3EBC-4674-80BB-FD0406D76644}.Debug R23.1|Any CPU.ActiveCfg = Debug R23.1|Any CPU
		{C95D53E6-3EBC-4674-80BB-FD0406D76644}.Debug R23.1|Any CPU.Build.0 = Debug R23.1|Any CPU
		{C95D53E6-3EBC-4674-80BB-FD0406D76644}.Debug R23|Any CPU.ActiveCfg = Debug R23|Any CPU
		{C95D53E6-3EBC-4674-80BB-FD0406D76644}.Debug R23|Any CPU.Build.0 = Debug R23|Any CPU
		{C95D53E6-3EBC-4674-80BB-FD0406D76644}.Debug R24|Any CPU.ActiveCfg = Debug R24|Any CPU
		{C95D53E6-3EBC-4674-80BB-FD0406D76644}.Debug R24|Any CPU.Build.0 = Debug R24|Any CPU
		{C95D53E6-3EBC-4674-80BB-FD0406D76644}.Debug|Any CPU.ActiveCfg = Debug R24|Any CPU
		{C95D53E6-3EBC-4674-80BB-FD0406D76644}.Debug|Any CPU.Build.0 = Debug R24|Any CPU
		{C95D53E6-3EBC-4674-80BB-FD0406D76644}.Installer|Any CPU.ActiveCfg = Debug R21|Any CPU
		{C95D53E6-3EBC-4674-80BB-FD0406D76644}.Release Core|Any CPU.ActiveCfg = Release Core|Any CPU
		{C95D53E6-3EBC-4674-80BB-FD0406D76644}.Release Core|Any CPU.Build.0 = Release Core|Any CPU
		{C95D53E6-3EBC-4674-80BB-FD0406D76644}.Release Nuke|Any CPU.ActiveCfg = Release Nuke|Any CPU
		{C95D53E6-3EBC-4674-80BB-FD0406D76644}.Release R21|Any CPU.ActiveCfg = Release R21|Any CPU
		{C95D53E6-3EBC-4674-80BB-FD0406D76644}.Release R21|Any CPU.Build.0 = Release R21|Any CPU
		{C95D53E6-3EBC-4674-80BB-FD0406D76644}.Release R22|Any CPU.ActiveCfg = Release R22|Any CPU
		{C95D53E6-3EBC-4674-80BB-FD0406D76644}.Release R22|Any CPU.Build.0 = Release R22|Any CPU
		{C95D53E6-3EBC-4674-80BB-FD0406D76644}.Release R23.1|Any CPU.ActiveCfg = Release R23.1|Any CPU
		{C95D53E6-3EBC-4674-80BB-FD0406D76644}.Release R23.1|Any CPU.Build.0 = Release R23.1|Any CPU
		{C95D53E6-3EBC-4674-80BB-FD0406D76644}.Release R23|Any CPU.ActiveCfg = Release R23|Any CPU
		{C95D53E6-3EBC-4674-80BB-FD0406D76644}.Release R23|Any CPU.Build.0 = Release R23|Any CPU
		{C95D53E6-3EBC-4674-80BB-FD0406D76644}.Release R24|Any CPU.ActiveCfg = Release R24|Any CPU
		{C95D53E6-3EBC-4674-80BB-FD0406D76644}.Release R24|Any CPU.Build.0 = Release R24|Any CPU
		{C95D53E6-3EBC-4674-80BB-FD0406D76644}.Release|Any CPU.ActiveCfg = Release Core|Any CPU
		{C95D53E6-3EBC-4674-80BB-FD0406D76644}.Release|Any CPU.Build.0 = Release Core|Any CPU
		{6CE52CE8-F6FD-48F1-9601-C973351C1207}.Debug Core|Any CPU.ActiveCfg = Debug Core|Any CPU
		{6CE52CE8-F6FD-48F1-9601-C973351C1207}.Debug Core|Any CPU.Build.0 = Debug Core|Any CPU
		{6CE52CE8-F6FD-48F1-9601-C973351C1207}.Debug Nuke|Any CPU.ActiveCfg = Debug R23.1|Any CPU
		{6CE52CE8-F6FD-48F1-9601-C973351C1207}.Debug R21|Any CPU.ActiveCfg = Debug R21|Any CPU
		{6CE52CE8-F6FD-48F1-9601-C973351C1207}.Debug R21|Any CPU.Build.0 = Debug R21|Any CPU
		{6CE52CE8-F6FD-48F1-9601-C973351C1207}.Debug R22|Any CPU.ActiveCfg = Debug|Any CPU
		{6CE52CE8-F6FD-48F1-9601-C973351C1207}.Debug R22|Any CPU.Build.0 = Debug|Any CPU
		{6CE52CE8-F6FD-48F1-9601-C973351C1207}.Debug R23.1|Any CPU.ActiveCfg = Debug R23.1|Any CPU
		{6CE52CE8-F6FD-48F1-9601-C973351C1207}.Debug R23.1|Any CPU.Build.0 = Debug R23.1|Any CPU
		{6CE52CE8-F6FD-48F1-9601-C973351C1207}.Debug R23|Any CPU.ActiveCfg = Debug|Any CPU
		{6CE52CE8-F6FD-48F1-9601-C973351C1207}.Debug R23|Any CPU.Build.0 = Debug|Any CPU
		{6CE52CE8-F6FD-48F1-9601-C973351C1207}.Debug R24|Any CPU.ActiveCfg = Debug R21|Any CPU
		{6CE52CE8-F6FD-48F1-9601-C973351C1207}.Debug R24|Any CPU.Build.0 = Debug R21|Any CPU
		{6CE52CE8-F6FD-48F1-9601-C973351C1207}.Debug|Any CPU.ActiveCfg = Debug|Any CPU
		{6CE52CE8-F6FD-48F1-9601-C973351C1207}.Debug|Any CPU.Build.0 = Debug|Any CPU
		{6CE52CE8-F6FD-48F1-9601-C973351C1207}.Installer|Any CPU.ActiveCfg = Debug|Any CPU
		{6CE52CE8-F6FD-48F1-9601-C973351C1207}.Installer|Any CPU.Build.0 = Debug|Any CPU
		{6CE52CE8-F6FD-48F1-9601-C973351C1207}.Release Core|Any CPU.ActiveCfg = Release Core|Any CPU
		{6CE52CE8-F6FD-48F1-9601-C973351C1207}.Release Core|Any CPU.Build.0 = Release Core|Any CPU
		{6CE52CE8-F6FD-48F1-9601-C973351C1207}.Release Nuke|Any CPU.ActiveCfg = Release Nuke|Any CPU
		{6CE52CE8-F6FD-48F1-9601-C973351C1207}.Release R21|Any CPU.ActiveCfg = Release|Any CPU
		{6CE52CE8-F6FD-48F1-9601-C973351C1207}.Release R21|Any CPU.Build.0 = Release|Any CPU
		{6CE52CE8-F6FD-48F1-9601-C973351C1207}.Release R22|Any CPU.ActiveCfg = Release|Any CPU
		{6CE52CE8-F6FD-48F1-9601-C973351C1207}.Release R22|Any CPU.Build.0 = Release|Any CPU
		{6CE52CE8-F6FD-48F1-9601-C973351C1207}.Release R23.1|Any CPU.ActiveCfg = Release R23.1|Any CPU
		{6CE52CE8-F6FD-48F1-9601-C973351C1207}.Release R23.1|Any CPU.Build.0 = Release R23.1|Any CPU
		{6CE52CE8-F6FD-48F1-9601-C973351C1207}.Release R23|Any CPU.ActiveCfg = Release|Any CPU
		{6CE52CE8-F6FD-48F1-9601-C973351C1207}.Release R23|Any CPU.Build.0 = Release|Any CPU
		{6CE52CE8-F6FD-48F1-9601-C973351C1207}.Release R24|Any CPU.ActiveCfg = Release|Any CPU
		{6CE52CE8-F6FD-48F1-9601-C973351C1207}.Release R24|Any CPU.Build.0 = Release|Any CPU
		{6CE52CE8-F6FD-48F1-9601-C973351C1207}.Release|Any CPU.ActiveCfg = Release|Any CPU
		{6CE52CE8-F6FD-48F1-9601-C973351C1207}.Release|Any CPU.Build.0 = Release|Any CPU
		{67EACBCA-7E02-4CCE-B6B7-5A54F2EE354B}.Debug Core|Any CPU.ActiveCfg = Debug Core|Any CPU
		{67EACBCA-7E02-4CCE-B6B7-5A54F2EE354B}.Debug Core|Any CPU.Build.0 = Debug Core|Any CPU
		{67EACBCA-7E02-4CCE-B6B7-5A54F2EE354B}.Debug Nuke|Any CPU.ActiveCfg = Debug R23.1|Any CPU
		{67EACBCA-7E02-4CCE-B6B7-5A54F2EE354B}.Debug R21|Any CPU.ActiveCfg = Debug|Any CPU
		{67EACBCA-7E02-4CCE-B6B7-5A54F2EE354B}.Debug R21|Any CPU.Build.0 = Debug|Any CPU
		{67EACBCA-7E02-4CCE-B6B7-5A54F2EE354B}.Debug R22|Any CPU.ActiveCfg = Debug|Any CPU
		{67EACBCA-7E02-4CCE-B6B7-5A54F2EE354B}.Debug R22|Any CPU.Build.0 = Debug|Any CPU
		{67EACBCA-7E02-4CCE-B6B7-5A54F2EE354B}.Debug R23.1|Any CPU.ActiveCfg = Debug R23.1|Any CPU
		{67EACBCA-7E02-4CCE-B6B7-5A54F2EE354B}.Debug R23.1|Any CPU.Build.0 = Debug R23.1|Any CPU
		{67EACBCA-7E02-4CCE-B6B7-5A54F2EE354B}.Debug R23|Any CPU.ActiveCfg = Debug|Any CPU
		{67EACBCA-7E02-4CCE-B6B7-5A54F2EE354B}.Debug R23|Any CPU.Build.0 = Debug|Any CPU
		{67EACBCA-7E02-4CCE-B6B7-5A54F2EE354B}.Debug R24|Any CPU.ActiveCfg = Debug|Any CPU
		{67EACBCA-7E02-4CCE-B6B7-5A54F2EE354B}.Debug R24|Any CPU.Build.0 = Debug|Any CPU
		{67EACBCA-7E02-4CCE-B6B7-5A54F2EE354B}.Debug|Any CPU.ActiveCfg = Debug|Any CPU
		{67EACBCA-7E02-4CCE-B6B7-5A54F2EE354B}.Debug|Any CPU.Build.0 = Debug|Any CPU
		{67EACBCA-7E02-4CCE-B6B7-5A54F2EE354B}.Installer|Any CPU.ActiveCfg = Debug|Any CPU
		{67EACBCA-7E02-4CCE-B6B7-5A54F2EE354B}.Installer|Any CPU.Build.0 = Debug|Any CPU
		{67EACBCA-7E02-4CCE-B6B7-5A54F2EE354B}.Release Core|Any CPU.ActiveCfg = Release Core|Any CPU
		{67EACBCA-7E02-4CCE-B6B7-5A54F2EE354B}.Release Core|Any CPU.Build.0 = Release Core|Any CPU
		{67EACBCA-7E02-4CCE-B6B7-5A54F2EE354B}.Release Nuke|Any CPU.ActiveCfg = Release Nuke|Any CPU
		{67EACBCA-7E02-4CCE-B6B7-5A54F2EE354B}.Release R21|Any CPU.ActiveCfg = Release|Any CPU
		{67EACBCA-7E02-4CCE-B6B7-5A54F2EE354B}.Release R21|Any CPU.Build.0 = Release|Any CPU
		{67EACBCA-7E02-4CCE-B6B7-5A54F2EE354B}.Release R22|Any CPU.ActiveCfg = Release|Any CPU
		{67EACBCA-7E02-4CCE-B6B7-5A54F2EE354B}.Release R22|Any CPU.Build.0 = Release|Any CPU
		{67EACBCA-7E02-4CCE-B6B7-5A54F2EE354B}.Release R23.1|Any CPU.ActiveCfg = Release R23.1|Any CPU
		{67EACBCA-7E02-4CCE-B6B7-5A54F2EE354B}.Release R23.1|Any CPU.Build.0 = Release R23.1|Any CPU
		{67EACBCA-7E02-4CCE-B6B7-5A54F2EE354B}.Release R23|Any CPU.ActiveCfg = Release|Any CPU
		{67EACBCA-7E02-4CCE-B6B7-5A54F2EE354B}.Release R23|Any CPU.Build.0 = Release|Any CPU
		{67EACBCA-7E02-4CCE-B6B7-5A54F2EE354B}.Release R24|Any CPU.ActiveCfg = Release|Any CPU
		{67EACBCA-7E02-4CCE-B6B7-5A54F2EE354B}.Release R24|Any CPU.Build.0 = Release|Any CPU
		{67EACBCA-7E02-4CCE-B6B7-5A54F2EE354B}.Release|Any CPU.ActiveCfg = Release|Any CPU
		{67EACBCA-7E02-4CCE-B6B7-5A54F2EE354B}.Release|Any CPU.Build.0 = Release|Any CPU
		{4CBD8A97-A5AF-4CD9-A2A1-1145DA7B855D}.Debug Core|Any CPU.ActiveCfg = Debug|Any CPU
		{4CBD8A97-A5AF-4CD9-A2A1-1145DA7B855D}.Debug Core|Any CPU.Build.0 = Debug|Any CPU
		{4CBD8A97-A5AF-4CD9-A2A1-1145DA7B855D}.Debug Nuke|Any CPU.ActiveCfg = Debug|Any CPU
		{4CBD8A97-A5AF-4CD9-A2A1-1145DA7B855D}.Debug Nuke|Any CPU.Build.0 = Debug|Any CPU
		{4CBD8A97-A5AF-4CD9-A2A1-1145DA7B855D}.Debug R21|Any CPU.ActiveCfg = Debug|Any CPU
		{4CBD8A97-A5AF-4CD9-A2A1-1145DA7B855D}.Debug R21|Any CPU.Build.0 = Debug|Any CPU
		{4CBD8A97-A5AF-4CD9-A2A1-1145DA7B855D}.Debug R22|Any CPU.ActiveCfg = Debug|Any CPU
		{4CBD8A97-A5AF-4CD9-A2A1-1145DA7B855D}.Debug R22|Any CPU.Build.0 = Debug|Any CPU
		{4CBD8A97-A5AF-4CD9-A2A1-1145DA7B855D}.Debug R23.1|Any CPU.ActiveCfg = Debug|Any CPU
		{4CBD8A97-A5AF-4CD9-A2A1-1145DA7B855D}.Debug R23.1|Any CPU.Build.0 = Debug|Any CPU
		{4CBD8A97-A5AF-4CD9-A2A1-1145DA7B855D}.Debug R23|Any CPU.ActiveCfg = Debug|Any CPU
		{4CBD8A97-A5AF-4CD9-A2A1-1145DA7B855D}.Debug R23|Any CPU.Build.0 = Debug|Any CPU
		{4CBD8A97-A5AF-4CD9-A2A1-1145DA7B855D}.Debug R24|Any CPU.ActiveCfg = Debug|Any CPU
		{4CBD8A97-A5AF-4CD9-A2A1-1145DA7B855D}.Debug R24|Any CPU.Build.0 = Debug|Any CPU
		{4CBD8A97-A5AF-4CD9-A2A1-1145DA7B855D}.Debug|Any CPU.ActiveCfg = Debug|Any CPU
		{4CBD8A97-A5AF-4CD9-A2A1-1145DA7B855D}.Installer|Any CPU.ActiveCfg = Release|Any CPU
		{4CBD8A97-A5AF-4CD9-A2A1-1145DA7B855D}.Installer|Any CPU.Build.0 = Release|Any CPU
		{4CBD8A97-A5AF-4CD9-A2A1-1145DA7B855D}.Release Core|Any CPU.ActiveCfg = Release|Any CPU
		{4CBD8A97-A5AF-4CD9-A2A1-1145DA7B855D}.Release Core|Any CPU.Build.0 = Release|Any CPU
		{4CBD8A97-A5AF-4CD9-A2A1-1145DA7B855D}.Release Nuke|Any CPU.ActiveCfg = Release|Any CPU
		{4CBD8A97-A5AF-4CD9-A2A1-1145DA7B855D}.Release Nuke|Any CPU.Build.0 = Release|Any CPU
		{4CBD8A97-A5AF-4CD9-A2A1-1145DA7B855D}.Release R21|Any CPU.ActiveCfg = Release|Any CPU
		{4CBD8A97-A5AF-4CD9-A2A1-1145DA7B855D}.Release R21|Any CPU.Build.0 = Release|Any CPU
		{4CBD8A97-A5AF-4CD9-A2A1-1145DA7B855D}.Release R22|Any CPU.ActiveCfg = Release|Any CPU
		{4CBD8A97-A5AF-4CD9-A2A1-1145DA7B855D}.Release R22|Any CPU.Build.0 = Release|Any CPU
		{4CBD8A97-A5AF-4CD9-A2A1-1145DA7B855D}.Release R23.1|Any CPU.ActiveCfg = Release|Any CPU
		{4CBD8A97-A5AF-4CD9-A2A1-1145DA7B855D}.Release R23.1|Any CPU.Build.0 = Release|Any CPU
		{4CBD8A97-A5AF-4CD9-A2A1-1145DA7B855D}.Release R23|Any CPU.ActiveCfg = Release|Any CPU
		{4CBD8A97-A5AF-4CD9-A2A1-1145DA7B855D}.Release R23|Any CPU.Build.0 = Release|Any CPU
		{4CBD8A97-A5AF-4CD9-A2A1-1145DA7B855D}.Release R24|Any CPU.ActiveCfg = Release|Any CPU
		{4CBD8A97-A5AF-4CD9-A2A1-1145DA7B855D}.Release R24|Any CPU.Build.0 = Release|Any CPU
		{4CBD8A97-A5AF-4CD9-A2A1-1145DA7B855D}.Release|Any CPU.ActiveCfg = Release|Any CPU
	EndGlobalSection
	GlobalSection(SolutionProperties) = preSolution
		HideSolutionNode = FALSE
	EndGlobalSection
	GlobalSection(ExtensibilityGlobals) = postSolution
		SolutionGuid = {824053D7-706A-46D8-93BD-88471F631CA2}
	EndGlobalSection
EndGlobal
